
Microsoft Visual Studio Solution File, Format Version 12.00
# Visual Studio Version 16
VisualStudioVersion = 16.0.30309.148
MinimumVisualStudioVersion = 10.0.40219.1
Project("{9A19103F-16F7-4668-BE54-9A1E7A4F7556}") = "IdentitySchool", "src\IdentitySchool\IdentitySchool.csproj", "{054CA5E3-C85D-4BDC-B9BE-F792BF871857}"
EndProject
Project("{FAE04EC0-301F-11D3-BF4B-00C04F79EFBC}") = "IdentitySchool.Client", "src\IdentitySchool.Client\IdentitySchool.Client.csproj", "{327EF255-9A89-4BAF-BC45-87F750C14F50}"
EndProject
Global
	GlobalSection(SolutionConfigurationPlatforms) = preSolution
		Debug|Any CPU = Debug|Any CPU
		Release|Any CPU = Release|Any CPU
	EndGlobalSection
	GlobalSection(ProjectConfigurationPlatforms) = postSolution
		{054CA5E3-C85D-4BDC-B9BE-F792BF871857}.Debug|Any CPU.ActiveCfg = Debug|Any CPU
		{054CA5E3-C85D-4BDC-B9BE-F792BF871857}.Debug|Any CPU.Build.0 = Debug|Any CPU
		{054CA5E3-C85D-4BDC-B9BE-F792BF871857}.Release|Any CPU.ActiveCfg = Release|Any CPU
		{054CA5E3-C85D-4BDC-B9BE-F792BF871857}.Release|Any CPU.Build.0 = Release|Any CPU
		{327EF255-9A89-4BAF-BC45-87F750C14F50}.Debug|Any CPU.ActiveCfg = Debug|Any CPU
		{327EF255-9A89-4BAF-BC45-87F750C14F50}.Debug|Any CPU.Build.0 = Debug|Any CPU
		{327EF255-9A89-4BAF-BC45-87F750C14F50}.Release|Any CPU.ActiveCfg = Release|Any CPU
		{327EF255-9A89-4BAF-BC45-87F750C14F50}.Release|Any CPU.Build.0 = Release|Any CPU
	EndGlobalSection
	GlobalSection(SolutionProperties) = preSolution
		HideSolutionNode = FALSE
	EndGlobalSection
	GlobalSection(ExtensibilityGlobals) = postSolution
		SolutionGuid = {FD5F8D56-580C-4133-BD8F-068C5606EDD9}
	EndGlobalSection
EndGlobal
